
Microsoft Visual Studio Solution File, Format Version 12.00
# Visual Studio 15
Project("{FAE04EC0-301F-11D3-BF4B-00C04F79EFBC}") = "Assembly-CSharp", "Assembly-CSharp.csproj", "{835A70B8-155D-529D-D9BB-11517E38AFA1}"
EndProject
Project("{FAE04EC0-301F-11D3-BF4B-00C04F79EFBC}") = "Assembly-CSharp-Editor", "Assembly-CSharp-Editor.csproj", "{A33E2577-5C00-FD19-45E5-D1A0F22E554A}"
EndProject
Global
	GlobalSection(SolutionConfigurationPlatforms) = preSolution
		Debug|Any CPU = Debug|Any CPU
		Release|Any CPU = Release|Any CPU
	EndGlobalSection
	GlobalSection(ProjectConfigurationPlatforms) = postSolution
		{835A70B8-155D-529D-D9BB-11517E38AFA1}.Debug|Any CPU.ActiveCfg = Debug|Any CPU
		{835A70B8-155D-529D-D9BB-11517E38AFA1}.Debug|Any CPU.Build.0 = Debug|Any CPU
		{835A70B8-155D-529D-D9BB-11517E38AFA1}.Release|Any CPU.ActiveCfg = Release|Any CPU
		{835A70B8-155D-529D-D9BB-11517E38AFA1}.Release|Any CPU.Build.0 = Release|Any CPU
		{A33E2577-5C00-FD19-45E5-D1A0F22E554A}.Debug|Any CPU.ActiveCfg = Debug|Any CPU
		{A33E2577-5C00-FD19-45E5-D1A0F22E554A}.Debug|Any CPU.Build.0 = Debug|Any CPU
		{A33E2577-5C00-FD19-45E5-D1A0F22E554A}.Release|Any CPU.ActiveCfg = Release|Any CPU
		{A33E2577-5C00-FD19-45E5-D1A0F22E554A}.Release|Any CPU.Build.0 = Release|Any CPU
	EndGlobalSection
	GlobalSection(SolutionProperties) = preSolution
		HideSolutionNode = FALSE
	EndGlobalSection
EndGlobal
